
Microsoft Visual Studio Solution File, Format Version 12.00
# Visual Studio Version 17
VisualStudioVersion = 17.2.32519.379
MinimumVisualStudioVersion = 10.0.40219.1
Project("{FAE04EC0-301F-11D3-BF4B-00C04F79EFBC}") = "Exe3_Sarah Hanna Taradipa_139", "Exe3_Sarah Hanna Taradipa_139\Exe3_Sarah Hanna Taradipa_139.csproj", "{83E00C64-261F-4AC4-84A2-EF164FE08AAE}"
EndProject
Global
	GlobalSection(SolutionConfigurationPlatforms) = preSolution
		Debug|Any CPU = Debug|Any CPU
		Release|Any CPU = Release|Any CPU
	EndGlobalSection
	GlobalSection(ProjectConfigurationPlatforms) = postSolution
		{83E00C64-261F-4AC4-84A2-EF164FE08AAE}.Debug|Any CPU.ActiveCfg = Debug|Any CPU
		{83E00C64-261F-4AC4-84A2-EF164FE08AAE}.Debug|Any CPU.Build.0 = Debug|Any CPU
		{83E00C64-261F-4AC4-84A2-EF164FE08AAE}.Release|Any CPU.ActiveCfg = Release|Any CPU
		{83E00C64-261F-4AC4-84A2-EF164FE08AAE}.Release|Any CPU.Build.0 = Release|Any CPU
	EndGlobalSection
	GlobalSection(SolutionProperties) = preSolution
		HideSolutionNode = FALSE
	EndGlobalSection
	GlobalSection(ExtensibilityGlobals) = postSolution
		SolutionGuid = {522E11EF-FB10-4420-95C5-F25EDB95FF4F}
	EndGlobalSection
EndGlobal
